
Microsoft Visual Studio Solution File, Format Version 12.00
# Visual Studio Version 17
VisualStudioVersion = 17.11.35327.3
MinimumVisualStudioVersion = 10.0.40219.1
Project("{8BC9CEB8-8B4A-11D0-8D11-00A0C91BC942}") = "Forthe Problem", "Forthe Problem\Forthe Problem.vcxproj", "{6F629702-DF63-41BC-B7C0-C8B1B5551837}"
EndProject
Global
	GlobalSection(SolutionConfigurationPlatforms) = preSolution
		Debug|x64 = Debug|x64
		Debug|x86 = Debug|x86
		Release|x64 = Release|x64
		Release|x86 = Release|x86
	EndGlobalSection
	GlobalSection(ProjectConfigurationPlatforms) = postSolution
		{6F629702-DF63-41BC-B7C0-C8B1B5551837}.Debug|x64.ActiveCfg = Debug|x64
		{6F629702-DF63-41BC-B7C0-C8B1B5551837}.Debug|x64.Build.0 = Debug|x64
		{6F629702-DF63-41BC-B7C0-C8B1B5551837}.Debug|x86.ActiveCfg = Debug|Win32
		{6F629702-DF63-41BC-B7C0-C8B1B5551837}.Debug|x86.Build.0 = Debug|Win32
		{6F629702-DF63-41BC-B7C0-C8B1B5551837}.Release|x64.ActiveCfg = Release|x64
		{6F629702-DF63-41BC-B7C0-C8B1B5551837}.Release|x64.Build.0 = Release|x64
		{6F629702-DF63-41BC-B7C0-C8B1B5551837}.Release|x86.ActiveCfg = Release|Win32
		{6F629702-DF63-41BC-B7C0-C8B1B5551837}.Release|x86.Build.0 = Release|Win32
	EndGlobalSection
	GlobalSection(SolutionProperties) = preSolution
		HideSolutionNode = FALSE
	EndGlobalSection
	GlobalSection(ExtensibilityGlobals) = postSolution
		SolutionGuid = {36CD275C-60A6-44DD-AE6B-1B396B1DF238}
	EndGlobalSection
EndGlobal
